
Microsoft Visual Studio Solution File, Format Version 12.00
# Visual Studio Version 16
VisualStudioVersion = 16.0.29709.97
MinimumVisualStudioVersion = 10.0.40219.1
Project("{FAE04EC0-301F-11D3-BF4B-00C04F79EFBC}") = "PANIN_ILYA_BACO.02.19_PRAKTIKA_1", "PANIN_ILYA_BACO.02.19_PRAKTIKA_1\PANIN_ILYA_BACO.02.19_PRAKTIKA_1.csproj", "{1584CD88-D8E9-4468-94CC-9ABD391A4DD5}"
EndProject
Global
	GlobalSection(SolutionConfigurationPlatforms) = preSolution
		Debug|Any CPU = Debug|Any CPU
		Release|Any CPU = Release|Any CPU
	EndGlobalSection
	GlobalSection(ProjectConfigurationPlatforms) = postSolution
		{1584CD88-D8E9-4468-94CC-9ABD391A4DD5}.Debug|Any CPU.ActiveCfg = Debug|Any CPU
		{1584CD88-D8E9-4468-94CC-9ABD391A4DD5}.Debug|Any CPU.Build.0 = Debug|Any CPU
		{1584CD88-D8E9-4468-94CC-9ABD391A4DD5}.Release|Any CPU.ActiveCfg = Release|Any CPU
		{1584CD88-D8E9-4468-94CC-9ABD391A4DD5}.Release|Any CPU.Build.0 = Release|Any CPU
	EndGlobalSection
	GlobalSection(SolutionProperties) = preSolution
		HideSolutionNode = FALSE
	EndGlobalSection
	GlobalSection(ExtensibilityGlobals) = postSolution
		SolutionGuid = {077B9085-36AA-4BB8-84D7-3758B14E9594}
	EndGlobalSection
EndGlobal
